
Microsoft Visual Studio Solution File, Format Version 12.00
# Visual Studio 14
VisualStudioVersion = 14.0.25420.1
MinimumVisualStudioVersion = 10.0.40219.1
Project("{FAE04EC0-301F-11D3-BF4B-00C04F79EFBC}") = "Hygia", "Hygia\Hygia\Hygia.csproj", "{58C35883-732F-47A7-A917-054636342EA8}"
EndProject
Project("{FAE04EC0-301F-11D3-BF4B-00C04F79EFBC}") = "Hygia.Droid", "Hygia\Hygia.Droid\Hygia.Droid.csproj", "{0226CB08-8B48-4EFE-A9E3-B44B9CC069CA}"
EndProject
Project("{FAE04EC0-301F-11D3-BF4B-00C04F79EFBC}") = "Hygia.iOS", "Hygia\Hygia.iOS\Hygia.iOS.csproj", "{55EE95AB-EA54-4C8E-AFFA-51B55CC3D04B}"
EndProject
Global
	GlobalSection(SolutionConfigurationPlatforms) = preSolution
		Ad-Hoc|Any CPU = Ad-Hoc|Any CPU
		Ad-Hoc|iPhone = Ad-Hoc|iPhone
		Ad-Hoc|iPhoneSimulator = Ad-Hoc|iPhoneSimulator
		AppStore|Any CPU = AppStore|Any CPU
		AppStore|iPhone = AppStore|iPhone
		AppStore|iPhoneSimulator = AppStore|iPhoneSimulator
		Debug|Any CPU = Debug|Any CPU
		Debug|iPhone = Debug|iPhone
		Debug|iPhoneSimulator = Debug|iPhoneSimulator
		Release|Any CPU = Release|Any CPU
		Release|iPhone = Release|iPhone
		Release|iPhoneSimulator = Release|iPhoneSimulator
	EndGlobalSection
	GlobalSection(ProjectConfigurationPlatforms) = postSolution
		{58C35883-732F-47A7-A917-054636342EA8}.Ad-Hoc|Any CPU.ActiveCfg = Release|Any CPU
		{58C35883-732F-47A7-A917-054636342EA8}.Ad-Hoc|Any CPU.Build.0 = Release|Any CPU
		{58C35883-732F-47A7-A917-054636342EA8}.Ad-Hoc|iPhone.ActiveCfg = Release|Any CPU
		{58C35883-732F-47A7-A917-054636342EA8}.Ad-Hoc|iPhone.Build.0 = Release|Any CPU
		{58C35883-732F-47A7-A917-054636342EA8}.Ad-Hoc|iPhoneSimulator.ActiveCfg = Release|Any CPU
		{58C35883-732F-47A7-A917-054636342EA8}.Ad-Hoc|iPhoneSimulator.Build.0 = Release|Any CPU
		{58C35883-732F-47A7-A917-054636342EA8}.AppStore|Any CPU.ActiveCfg = Release|Any CPU
		{58C35883-732F-47A7-A917-054636342EA8}.AppStore|Any CPU.Build.0 = Release|Any CPU
		{58C35883-732F-47A7-A917-054636342EA8}.AppStore|iPhone.ActiveCfg = Release|Any CPU
		{58C35883-732F-47A7-A917-054636342EA8}.AppStore|iPhone.Build.0 = Release|Any CPU
		{58C35883-732F-47A7-A917-054636342EA8}.AppStore|iPhoneSimulator.ActiveCfg = Release|Any CPU
		{58C35883-732F-47A7-A917-054636342EA8}.AppStore|iPhoneSimulator.Build.0 = Release|Any CPU
		{58C35883-732F-47A7-A917-054636342EA8}.Debug|Any CPU.ActiveCfg = Debug|Any CPU
		{58C35883-732F-47A7-A917-054636342EA8}.Debug|Any CPU.Build.0 = Debug|Any CPU
		{58C35883-732F-47A7-A917-054636342EA8}.Debug|iPhone.ActiveCfg = Debug|Any CPU
		{58C35883-732F-47A7-A917-054636342EA8}.Debug|iPhone.Build.0 = Debug|Any CPU
		{58C35883-732F-47A7-A917-054636342EA8}.Debug|iPhoneSimulator.ActiveCfg = Debug|Any CPU
		{58C35883-732F-47A7-A917-054636342EA8}.Debug|iPhoneSimulator.Build.0 = Debug|Any CPU
		{58C35883-732F-47A7-A917-054636342EA8}.Release|Any CPU.ActiveCfg = Release|Any CPU
		{58C35883-732F-47A7-A917-054636342EA8}.Release|Any CPU.Build.0 = Release|Any CPU
		{58C35883-732F-47A7-A917-054636342EA8}.Release|iPhone.ActiveCfg = Release|Any CPU
		{58C35883-732F-47A7-A917-054636342EA8}.Release|iPhone.Build.0 = Release|Any CPU
		{58C35883-732F-47A7-A917-054636342EA8}.Release|iPhoneSimulator.ActiveCfg = Release|Any CPU
		{58C35883-732F-47A7-A917-054636342EA8}.Release|iPhoneSimulator.Build.0 = Release|Any CPU
		{0226CB08-8B48-4EFE-A9E3-B44B9CC069CA}.Ad-Hoc|Any CPU.ActiveCfg = Release|Any CPU
		{0226CB08-8B48-4EFE-A9E3-B44B9CC069CA}.Ad-Hoc|Any CPU.Build.0 = Release|Any CPU
		{0226CB08-8B48-4EFE-A9E3-B44B9CC069CA}.Ad-Hoc|Any CPU.Deploy.0 = Release|Any CPU
		{0226CB08-8B48-4EFE-A9E3-B44B9CC069CA}.Ad-Hoc|iPhone.ActiveCfg = Release|Any CPU
		{0226CB08-8B48-4EFE-A9E3-B44B9CC069CA}.Ad-Hoc|iPhone.Build.0 = Release|Any CPU
		{0226CB08-8B48-4EFE-A9E3-B44B9CC069CA}.Ad-Hoc|iPhone.Deploy.0 = Release|Any CPU
		{0226CB08-8B48-4EFE-A9E3-B44B9CC069CA}.Ad-Hoc|iPhoneSimulator.ActiveCfg = Release|Any CPU
		{0226CB08-8B48-4EFE-A9E3-B44B9CC069CA}.Ad-Hoc|iPhoneSimulator.Build.0 = Release|Any CPU
		{0226CB08-8B48-4EFE-A9E3-B44B9CC069CA}.Ad-Hoc|iPhoneSimulator.Deploy.0 = Release|Any CPU
		{0226CB08-8B48-4EFE-A9E3-B44B9CC069CA}.AppStore|Any CPU.ActiveCfg = Release|Any CPU
		{0226CB08-8B48-4EFE-A9E3-B44B9CC069CA}.AppStore|Any CPU.Build.0 = Release|Any CPU
		{0226CB08-8B48-4EFE-A9E3-B44B9CC069CA}.AppStore|Any CPU.Deploy.0 = Release|Any CPU
		{0226CB08-8B48-4EFE-A9E3-B44B9CC069CA}.AppStore|iPhone.ActiveCfg = Release|Any CPU
		{0226CB08-8B48-4EFE-A9E3-B44B9CC069CA}.AppStore|iPhone.Build.0 = Release|Any CPU
		{0226CB08-8B48-4EFE-A9E3-B44B9CC069CA}.AppStore|iPhone.Deploy.0 = Release|Any CPU
		{0226CB08-8B48-4EFE-A9E3-B44B9CC069CA}.AppStore|iPhoneSimulator.ActiveCfg = Release|Any CPU
		{0226CB08-8B48-4EFE-A9E3-B44B9CC069CA}.AppStore|iPhoneSimulator.Build.0 = Release|Any CPU
		{0226CB08-8B48-4EFE-A9E3-B44B9CC069CA}.AppStore|iPhoneSimulator.Deploy.0 = Release|Any CPU
		{0226CB08-8B48-4EFE-A9E3-B44B9CC069CA}.Debug|Any CPU.ActiveCfg = Debug|Any CPU
		{0226CB08-8B48-4EFE-A9E3-B44B9CC069CA}.Debug|Any CPU.Build.0 = Debug|Any CPU
		{0226CB08-8B48-4EFE-A9E3-B44B9CC069CA}.Debug|Any CPU.Deploy.0 = Debug|Any CPU
		{0226CB08-8B48-4EFE-A9E3-B44B9CC069CA}.Debug|iPhone.ActiveCfg = Debug|Any CPU
		{0226CB08-8B48-4EFE-A9E3-B44B9CC069CA}.Debug|iPhone.Build.0 = Debug|Any CPU
		{0226CB08-8B48-4EFE-A9E3-B44B9CC069CA}.Debug|iPhone.Deploy.0 = Debug|Any CPU
		{0226CB08-8B48-4EFE-A9E3-B44B9CC069CA}.Debug|iPhoneSimulator.ActiveCfg = Debug|Any CPU
		{0226CB08-8B48-4EFE-A9E3-B44B9CC069CA}.Debug|iPhoneSimulator.Build.0 = Debug|Any CPU
		{0226CB08-8B48-4EFE-A9E3-B44B9CC069CA}.Debug|iPhoneSimulator.Deploy.0 = Debug|Any CPU
		{0226CB08-8B48-4EFE-A9E3-B44B9CC069CA}.Release|Any CPU.ActiveCfg = Release|Any CPU
		{0226CB08-8B48-4EFE-A9E3-B44B9CC069CA}.Release|Any CPU.Build.0 = Release|Any CPU
		{0226CB08-8B48-4EFE-A9E3-B44B9CC069CA}.Release|Any CPU.Deploy.0 = Release|Any CPU
		{0226CB08-8B48-4EFE-A9E3-B44B9CC069CA}.Release|iPhone.ActiveCfg = Release|Any CPU
		{0226CB08-8B48-4EFE-A9E3-B44B9CC069CA}.Release|iPhone.Build.0 = Release|Any CPU
		{0226CB08-8B48-4EFE-A9E3-B44B9CC069CA}.Release|iPhone.Deploy.0 = Release|Any CPU
		{0226CB08-8B48-4EFE-A9E3-B44B9CC069CA}.Release|iPhoneSimulator.ActiveCfg = Release|Any CPU
		{0226CB08-8B48-4EFE-A9E3-B44B9CC069CA}.Release|iPhoneSimulator.Build.0 = Release|Any CPU
		{0226CB08-8B48-4EFE-A9E3-B44B9CC069CA}.Release|iPhoneSimulator.Deploy.0 = Release|Any CPU
		{55EE95AB-EA54-4C8E-AFFA-51B55CC3D04B}.Ad-Hoc|Any CPU.ActiveCfg = Ad-Hoc|iPhone
		{55EE95AB-EA54-4C8E-AFFA-51B55CC3D04B}.Ad-Hoc|iPhone.ActiveCfg = Ad-Hoc|iPhone
		{55EE95AB-EA54-4C8E-AFFA-51B55CC3D04B}.Ad-Hoc|iPhone.Build.0 = Ad-Hoc|iPhone
		{55EE95AB-EA54-4C8E-AFFA-51B55CC3D04B}.Ad-Hoc|iPhoneSimulator.ActiveCfg = Ad-Hoc|iPhoneSimulator
		{55EE95AB-EA54-4C8E-AFFA-51B55CC3D04B}.Ad-Hoc|iPhoneSimulator.Build.0 = Ad-Hoc|iPhoneSimulator
		{55EE95AB-EA54-4C8E-AFFA-51B55CC3D04B}.AppStore|Any CPU.ActiveCfg = AppStore|iPhone
		{55EE95AB-EA54-4C8E-AFFA-51B55CC3D04B}.AppStore|iPhone.ActiveCfg = AppStore|iPhone
		{55EE95AB-EA54-4C8E-AFFA-51B55CC3D04B}.AppStore|iPhone.Build.0 = AppStore|iPhone
		{55EE95AB-EA54-4C8E-AFFA-51B55CC3D04B}.AppStore|iPhoneSimulator.ActiveCfg = AppStore|iPhoneSimulator
		{55EE95AB-EA54-4C8E-AFFA-51B55CC3D04B}.AppStore|iPhoneSimulator.Build.0 = AppStore|iPhoneSimulator
		{55EE95AB-EA54-4C8E-AFFA-51B55CC3D04B}.Debug|Any CPU.ActiveCfg = Debug|iPhone
		{55EE95AB-EA54-4C8E-AFFA-51B55CC3D04B}.Debug|iPhone.ActiveCfg = Debug|iPhone
		{55EE95AB-EA54-4C8E-AFFA-51B55CC3D04B}.Debug|iPhone.Build.0 = Debug|iPhone
		{55EE95AB-EA54-4C8E-AFFA-51B55CC3D04B}.Debug|iPhoneSimulator.ActiveCfg = Debug|iPhoneSimulator
		{55EE95AB-EA54-4C8E-AFFA-51B55CC3D04B}.Debug|iPhoneSimulator.Build.0 = Debug|iPhoneSimulator
		{55EE95AB-EA54-4C8E-AFFA-51B55CC3D04B}.Release|Any CPU.ActiveCfg = Release|iPhone
		{55EE95AB-EA54-4C8E-AFFA-51B55CC3D04B}.Release|iPhone.ActiveCfg = Release|iPhone
		{55EE95AB-EA54-4C8E-AFFA-51B55CC3D04B}.Release|iPhone.Build.0 = Release|iPhone
		{55EE95AB-EA54-4C8E-AFFA-51B55CC3D04B}.Release|iPhoneSimulator.ActiveCfg = Release|iPhoneSimulator
		{55EE95AB-EA54-4C8E-AFFA-51B55CC3D04B}.Release|iPhoneSimulator.Build.0 = Release|iPhoneSimulator
	EndGlobalSection
	GlobalSection(SolutionProperties) = preSolution
		HideSolutionNode = FALSE
	EndGlobalSection
EndGlobal
